// !$*UTF8*$!
{
	archiveVersion = 1;
	classes = {
	};
	objectVersion = 50;
	objects = {

/* Begin PBXBuildFile section */
		97278F3423C627F9001E27DF /* AppDelegate.swift in Sources */ = {isa = PBXBuildFile; fileRef = 97278F3323C627F9001E27DF /* AppDelegate.swift */; };
		97278F3623C627F9001E27DF /* SceneDelegate.swift in Sources */ = {isa = PBXBuildFile; fileRef = 97278F3523C627F9001E27DF /* SceneDelegate.swift */; };
		97278F3823C627F9001E27DF /* ViewController.swift in Sources */ = {isa = PBXBuildFile; fileRef = 97278F3723C627F9001E27DF /* ViewController.swift */; };
		97278F3B23C627F9001E27DF /* Main.storyboard in Resources */ = {isa = PBXBuildFile; fileRef = 97278F3923C627F9001E27DF /* Main.storyboard */; };
		97278F3E23C627F9001E27DF /* BookDetails.xcdatamodeld in Sources */ = {isa = PBXBuildFile; fileRef = 97278F3C23C627F9001E27DF /* BookDetails.xcdatamodeld */; };
		97278F4023C627FB001E27DF /* Assets.xcassets in Resources */ = {isa = PBXBuildFile; fileRef = 97278F3F23C627FB001E27DF /* Assets.xcassets */; };
		97278F4323C627FB001E27DF /* LaunchScreen.storyboard in Resources */ = {isa = PBXBuildFile; fileRef = 97278F4123C627FB001E27DF /* LaunchScreen.storyboard */; };
		97278F4B23C630AB001E27DF /* BookModel.swift in Sources */ = {isa = PBXBuildFile; fileRef = 97278F4A23C630AB001E27DF /* BookModel.swift */; };
		97278F4D23C631A4001E27DF /* DBManager.swift in Sources */ = {isa = PBXBuildFile; fileRef = 97278F4C23C631A4001E27DF /* DBManager.swift */; };
/* End PBXBuildFile section */

/* Begin PBXFileReference section */
		97278F3023C627F9001E27DF /* BookDetails.app */ = {isa = PBXFileReference; explicitFileType = wrapper.application; includeInIndex = 0; path = BookDetails.app; sourceTree = BUILT_PRODUCTS_DIR; };
		97278F3323C627F9001E27DF /* AppDelegate.swift */ = {isa = PBXFileReference; lastKnownFileType = sourcecode.swift; path = AppDelegate.swift; sourceTree = "<group>"; };
		97278F3523C627F9001E27DF /* SceneDelegate.swift */ = {isa = PBXFileReference; lastKnownFileType = sourcecode.swift; path = SceneDelegate.swift; sourceTree = "<group>"; };
		97278F3723C627F9001E27DF /* ViewController.swift */ = {isa = PBXFileReference; lastKnownFileType = sourcecode.swift; path = ViewController.swift; sourceTree = "<group>"; };
		97278F3A23C627F9001E27DF /* Base */ = {isa = PBXFileReference; lastKnownFileType = file.storyboard; name = Base; path = Base.lproj/Main.storyboard; sourceTree = "<group>"; };
		97278F3D23C627F9001E27DF /* BookDetails.xcdatamodel */ = {isa = PBXFileReference; lastKnownFileType = wrapper.xcdatamodel; path = BookDetails.xcdatamodel; sourceTree = "<group>"; };
		97278F3F23C627FB001E27DF /* Assets.xcassets */ = {isa = PBXFileReference; lastKnownFileType = folder.assetcatalog; path = Assets.xcassets; sourceTree = "<group>"; };
		97278F4223C627FB001E27DF /* Base */ = {isa = PBXFileReference; lastKnownFileType = file.storyboard; name = Base; path = Base.lproj/LaunchScreen.storyboard; sourceTree = "<group>"; };
		97278F4423C627FB001E27DF /* Info.plist */ = {isa = PBXFileReference; lastKnownFileType = text.plist.xml; path = Info.plist; sourceTree = "<group>"; };
		97278F4A23C630AB001E27DF /* BookModel.swift */ = {isa = PBXFileReference; lastKnownFileType = sourcecode.swift; path = BookModel.swift; sourceTree = "<group>"; };
		97278F4C23C631A4001E27DF /* DBManager.swift */ = {isa = PBXFileReference; lastKnownFileType = sourcecode.swift; path = DBManager.swift; sourceTree = "<group>"; };
/* End PBXFileReference section */

/* Begin PBXFrameworksBuildPhase section */
		97278F2D23C627F9001E27DF /* Frameworks */ = {
			isa = PBXFrameworksBuildPhase;
			buildActionMask = 2147483647;
			files = (
			);
			runOnlyForDeploymentPostprocessing = 0;
		};
/* End PBXFrameworksBuildPhase section */

/* Begin PBXGroup section */
		97278F2723C627F9001E27DF = {
			isa = PBXGroup;
			children = (
				97278F3223C627F9001E27DF /* BookDetails */,
				97278F3123C627F9001E27DF /* Products */,
			);
			sourceTree = "<group>";
		};
		97278F3123C627F9001E27DF /* Products */ = {
			isa = PBXGroup;
			children = (
				97278F3023C627F9001E27DF /* BookDetails.app */,
			);
			name = Products;
			sourceTree = "<group>";
		};
		97278F3223C627F9001E27DF /* BookDetails */ = {
			isa = PBXGroup;
			children = (
				97278F3323C627F9001E27DF /* AppDelegate.swift */,
				97278F3523C627F9001E27DF /* SceneDelegate.swift */,
				97278F3723C627F9001E27DF /* ViewController.swift */,
				97278F4C23C631A4001E27DF /* DBManager.swift */,
				97278F3923C627F9001E27DF /* Main.storyboard */,
				97278F3F23C627FB001E27DF /* Assets.xcassets */,
				97278F4123C627FB001E27DF /* LaunchScreen.storyboard */,
				97278F4423C627FB001E27DF /* Info.plist */,
				97278F3C23C627F9001E27DF /* BookDetails.xcdatamodeld */,
				97278F4A23C630AB001E27DF /* BookModel.swift */,
			);
			path = BookDetails;
			sourceTree = "<group>";
		};
/* End PBXGroup section */

/* Begin PBXNativeTarget section */
		97278F2F23C627F9001E27DF /* BookDetails */ = {
			isa = PBXNativeTarget;
			buildConfigurationList = 97278F4723C627FB001E27DF /* Build configuration list for PBXNativeTarget "BookDetails" */;
			buildPhases = (
				97278F2C23C627F9001E27DF /* Sources */,
				97278F2D23C627F9001E27DF /* Frameworks */,
				97278F2E23C627F9001E27DF /* Resources */,
			);
			buildRules = (
			);
			dependencies = (
			);
			name = BookDetails;
			productName = BookDetails;
			productReference = 97278F3023C627F9001E27DF /* BookDetails.app */;
			productType = "com.apple.product-type.application";
		};
/* End PBXNativeTarget section */

/* Begin PBXProject section */
		97278F2823C627F9001E27DF /* Project object */ = {
			isa = PBXProject;
			attributes = {
				LastSwiftUpdateCheck = 1130;
				LastUpgradeCheck = 1130;
				ORGANIZATIONNAME = "Rajendran Eshwaran";
				TargetAttributes = {
					97278F2F23C627F9001E27DF = {
						CreatedOnToolsVersion = 11.3;
					};
				};
			};
			buildConfigurationList = 97278F2B23C627F9001E27DF /* Build configuration list for PBXProject "BookDetails" */;
			compatibilityVersion = "Xcode 9.3";
			developmentRegion = en;
			hasScannedForEncodings = 0;
			knownRegions = (
				en,
				Base,
			);
			mainGroup = 97278F2723C627F9001E27DF;
			productRefGroup = 97278F3123C627F9001E27DF /* Products */;
			projectDirPath = "";
			projectRoot = "";
			targets = (
				97278F2F23C627F9001E27DF /* BookDetails */,
			);
		};
/* End PBXProject section */

/* Begin PBXResourcesBuildPhase section */
		97278F2E23C627F9001E27DF /* Resources */ = {
			isa = PBXResourcesBuildPhase;
			buildActionMask = 2147483647;
			files = (
				97278F4323C627FB001E27DF /* LaunchScreen.storyboard in Resources */,
				97278F4023C627FB001E27DF /* Assets.xcassets in Resources */,
				97278F3B23C627F9001E27DF /* Main.storyboard in Resources */,
			);
			runOnlyForDeploymentPostprocessing = 0;
		};
/* End PBXResourcesBuildPhase section */

/* Begin PBXSourcesBuildPhase section */
		97278F2C23C627F9001E27DF /* Sources */ = {
			isa = PBXSourcesBuildPhase;
			buildActionMask = 2147483647;
			files = (
				97278F4B23C630AB001E27DF /* BookModel.swift in Sources */,
				97278F4D23C631A4001E27DF /* DBManager.swift in Sources */,
				97278F3823C627F9001E27DF /* ViewController.swift in Sources */,
				97278F3E23C627F9001E27DF /* BookDetails.xcdatamodeld in Sources */,
				97278F3423C627F9001E27DF /* AppDelegate.swift in Sources */,
				97278F3623C627F9001E27DF /* SceneDelegate.swift in Sources */,
			);
			runOnlyForDeploymentPostprocessing = 0;
		};
/* End PBXSourcesBuildPhase section */

/* Begin PBXVariantGroup section */
		97278F3923C627F9001E27DF /* Main.storyboard */ = {
			isa = PBXVariantGroup;
			children = (
				97278F3A23C627F9001E27DF /* Base */,
			);
			name = Main.storyboard;
			sourceTree = "<group>";
		};
		97278F4123C627FB001E27DF /* LaunchScreen.storyboard */ = {
			isa = PBXVariantGroup;
			children = (
				97278F4223C627FB001E27DF /* Base */,
			);
			name = LaunchScreen.storyboard;
			sourceTree = "<group>";
		};
/* End PBXVariantGroup section */

/* Begin XCBuildConfiguration section */
		97278F4523C627FB001E27DF /* Debug */ = {
			isa = XCBuildConfiguration;
			buildSettings = {
				ALWAYS_SEARCH_USER_PATHS = NO;
				CLANG_ANALYZER_NONNULL = YES;
				CLANG_ANALYZER_NUMBER_OBJECT_CONVERSION = YES_AGGRESSIVE;
				CLANG_CXX_LANGUAGE_STANDARD = "gnu++14";
				CLANG_CXX_LIBRARY = "libc++";
				CLANG_ENABLE_MODULES = YES;
				CLANG_ENABLE_OBJC_ARC = YES;
				CLANG_ENABLE_OBJC_WEAK = YES;
				CLANG_WARN_BLOCK_CAPTURE_AUTORELEASING = YES;
				CLANG_WARN_BOOL_CONVERSION = YES;
				CLANG_WARN_COMMA = YES;
				CLANG_WARN_CONSTANT_CONVERSION = YES;
				CLANG_WARN_DEPRECATED_OBJC_IMPLEMENTATIONS = YES;
				CLANG_WARN_DIRECT_OBJC_ISA_USAGE = YES_ERROR;
				CLANG_WARN_DOCUMENTATION_COMMENTS = YES;
				CLANG_WARN_EMPTY_BODY = YES;
				CLANG_WARN_ENUM_CONVERSION = YES;
				CLANG_WARN_INFINITE_RECURSION = YES;
				CLANG_WARN_INT_CONVERSION = YES;
				CLANG_WARN_NON_LITERAL_NULL_CONVERSION = YES;
				CLANG_WARN_OBJC_IMPLICIT_RETAIN_SELF = YES;
				CLANG_WARN_OBJC_LITERAL_CONVERSION = YES;
				CLANG_WARN_OBJC_ROOT_CLASS = YES_ERROR;
				CLANG_WARN_RANGE_LOOP_ANALYSIS = YES;
				CLANG_WARN_STRICT_PROTOTYPES = YES;
				CLANG_WARN_SUSPICIOUS_MOVE = YES;
				CLANG_WARN_UNGUARDED_AVAILABILITY = YES_AGGRESSIVE;
				CLANG_WARN_UNREACHABLE_CODE = YES;
				CLANG_WARN__DUPLICATE_METHOD_MATCH = YES;
				COPY_PHASE_STRIP = NO;
				DEBUG_INFORMATION_FORMAT = dwarf;
				ENABLE_STRICT_OBJC_MSGSEND = YES;
				ENABLE_TESTABILITY = YES;
				GCC_C_LANGUAGE_STANDARD = gnu11;
				GCC_DYNAMIC_NO_PIC = NO;
				GCC_NO_COMMON_BLOCKS = YES;
				GCC_OPTIMIZATION_LEVEL = 0;
				GCC_PREPROCESSOR_DEFINITIONS = (
					"DEBUG=1",
					"$(inherited)",
				);
				GCC_WARN_64_TO_32_BIT_CONVERSION = YES;
				GCC_WARN_ABOUT_RETURN_TYPE = YES_ERROR;
				GCC_WARN_UNDECLARED_SELECTOR = YES;
				GCC_WARN_UNINITIALIZED_AUTOS = YES_AGGRESSIVE;
				GCC_WARN_UNUSED_FUNCTION = YES;
				GCC_WARN_UNUSED_VARIABLE = YES;
				IPHONEOS_DEPLOYMENT_TARGET = 13.2;
				MTL_ENABLE_DEBUG_INFO = INCLUDE_SOURCE;
				MTL_FAST_MATH = YES;
				ONLY_ACTIVE_ARCH = YES;
				SDKROOT = iphoneos;
				SWIFT_ACTIVE_COMPILATION_CONDITIONS = DEBUG;
				SWIFT_OPTIMIZATION_LEVEL = "-Onone";
			};
			name = Debug;
		};
		97278F4623C627FB001E27DF /* Release */ = {
			isa = XCBuildConfiguration;
			buildSettings = {
				ALWAYS_SEARCH_USER_PATHS = NO;
				CLANG_ANALYZER_NONNULL = YES;
				CLANG_ANALYZER_NUMBER_OBJECT_CONVERSION = YES_AGGRESSIVE;
				CLANG_CXX_LANGUAGE_STANDARD = "gnu++14";
				CLANG_CXX_LIBRARY = "libc++";
				CLANG_ENABLE_MODULES = YES;
				CLANG_ENABLE_OBJC_ARC = YES;
				CLANG_ENABLE_OBJC_WEAK = YES;
				CLANG_WARN_BLOCK_CAPTURE_AUTORELEASING = YES;
				CLANG_WARN_BOOL_CONVERSION = YES;
				CLANG_WARN_COMMA = YES;
				CLANG_WARN_CONSTANT_CONVERSION = YES;
				CLANG_WARN_DEPRECATED_OBJC_IMPLEMENTATIONS = YES;
				CLANG_WARN_DIRECT_OBJC_ISA_USAGE = YES_ERROR;
				CLANG_WARN_DOCUMENTATION_COMMENTS = YES;
				CLANG_WARN_EMPTY_BODY = YES;
				CLANG_WARN_ENUM_CONVERSION = YES;
				CLANG_WARN_INFINITE_RECURSION = YES;
				CLANG_WARN_INT_CONVERSION = YES;
				CLANG_WARN_NON_LITERAL_NULL_CONVERSION = YES;
				CLANG_WARN_OBJC_IMPLICIT_RETAIN_SELF = YES;
				CLANG_WARN_OBJC_LITERAL_CONVERSION = YES;
				CLANG_WARN_OBJC_ROOT_CLASS = YES_ERROR;
				CLANG_WARN_RANGE_LOOP_ANALYSIS = YES;
				CLANG_WARN_STRICT_PROTOTYPES = YES;
				CLANG_WARN_SUSPICIOUS_MOVE = YES;
				CLANG_WARN_UNGUARDED_AVAILABILITY = YES_AGGRESSIVE;
				CLANG_WARN_UNREACHABLE_CODE = YES;
				CLANG_WARN__DUPLICATE_METHOD_MATCH = YES;
				COPY_PHASE_STRIP = NO;
				DEBUG_INFORMATION_FORMAT = "dwarf-with-dsym";
				ENABLE_NS_ASSERTIONS = NO;
				ENABLE_STRICT_OBJC_MSGSEND = YES;
				GCC_C_LANGUAGE_STANDARD = gnu11;
				GCC_NO_COMMON_BLOCKS = YES;
				GCC_WARN_64_TO_32_BIT_CONVERSION = YES;
				GCC_WARN_ABOUT_RETURN_TYPE = YES_ERROR;
				GCC_WARN_UNDECLARED_SELECTOR = YES;
				GCC_WARN_UNINITIALIZED_AUTOS = YES_AGGRESSIVE;
				GCC_WARN_UNUSED_FUNCTION = YES;
				GCC_WARN_UNUSED_VARIABLE = YES;
				IPHONEOS_DEPLOYMENT_TARGET = 13.2;
				MTL_ENABLE_DEBUG_INFO = NO;
				MTL_FAST_MATH = YES;
				SDKROOT = iphoneos;
				SWIFT_COMPILATION_MODE = wholemodule;
				SWIFT_OPTIMIZATION_LEVEL = "-O";
				VALIDATE_PRODUCT = YES;
			};
			name = Release;
		};
		97278F4823C627FB001E27DF /* Debug */ = {
			isa = XCBuildConfiguration;
			buildSettings = {
				ASSETCATALOG_COMPILER_APPICON_NAME = AppIcon;
				CODE_SIGN_STYLE = Automatic;
				INFOPLIST_FILE = BookDetails/Info.plist;
				LD_RUNPATH_SEARCH_PATHS = (
					"$(inherited)",
					"@executable_path/Frameworks",
				);
				PRODUCT_BUNDLE_IDENTIFIER = com.rajaygms.BookDetails;
				PRODUCT_NAME = "$(TARGET_NAME)";
				SWIFT_VERSION = 5.0;
				TARGETED_DEVICE_FAMILY = "1,2";
			};
			name = Debug;
		};
		97278F4923C627FB001E27DF /* Release */ = {
			isa = XCBuildConfiguration;
			buildSettings = {
				ASSETCATALOG_COMPILER_APPICON_NAME = AppIcon;
				CODE_SIGN_STYLE = Automatic;
				INFOPLIST_FILE = BookDetails/Info.plist;
				LD_RUNPATH_SEARCH_PATHS = (
					"$(inherited)",
					"@executable_path/Frameworks",
				);
				PRODUCT_BUNDLE_IDENTIFIER = com.rajaygms.BookDetails;
				PRODUCT_NAME = "$(TARGET_NAME)";
				SWIFT_VERSION = 5.0;
				TARGETED_DEVICE_FAMILY = "1,2";
			};
			name = Release;
		};
/* End XCBuildConfiguration section */

/* Begin XCConfigurationList section */
		97278F2B23C627F9001E27DF /* Build configuration list for PBXProject "BookDetails" */ = {
			isa = XCConfigurationList;
			buildConfigurations = (
				97278F4523C627FB001E27DF /* Debug */,
				97278F4623C627FB001E27DF /* Release */,
			);
			defaultConfigurationIsVisible = 0;
			defaultConfigurationName = Release;
		};
		97278F4723C627FB001E27DF /* Build configuration list for PBXNativeTarget "BookDetails" */ = {
			isa = XCConfigurationList;
			buildConfigurations = (
				97278F4823C627FB001E27DF /* Debug */,
				97278F4923C627FB001E27DF /* Release */,
			);
			defaultConfigurationIsVisible = 0;
			defaultConfigurationName = Release;
		};
/* End XCConfigurationList section */

/* Begin XCVersionGroup section */
		97278F3C23C627F9001E27DF /* BookDetails.xcdatamodeld */ = {
			isa = XCVersionGroup;
			children = (
				97278F3D23C627F9001E27DF /* BookDetails.xcdatamodel */,
			);
			currentVersion = 97278F3D23C627F9001E27DF /* BookDetails.xcdatamodel */;
			path = BookDetails.xcdatamodeld;
			sourceTree = "<group>";
			versionGroupType = wrapper.xcdatamodel;
		};
/* End XCVersionGroup section */
	};
	rootObject = 97278F2823C627F9001E27DF /* Project object */;
}
